lockfileVersion: '9.0'

settings:
  autoInstallPeers: true
  excludeLinksFromLockfile: false

importers:

  .:
    dependencies:
      '@tanstack/react-router':
        specifier: ^1.170.32
        version: 1.170.32(react-dom@19.2.8(react@19.2.8))(react@19.2.8)
      react:
        specifier: ^19.2.8
        version: 19.2.8
      react-dom:
        specifier: ^19.2.8
        version: 19.2.8(react@19.2.8)

packages:

  '@tanstack/history@1.162.1':
    resolution: {integrity: sha512-DR9t6lfLVdrjgCwpglrR9DR7Ok8/HlXjcOE+goWXF3zyuLUO/ug7vMbSFxTqrQTtbRghJfyhmIZ0S6LhPIy44w==}
    engines: {node: '>=20.19'}

  '@tanstack/react-router@1.170.32':
    resolution: {integrity: sha512-SIpxvaTKco100a5ZR3ePmArbhtm3XOx+w1dpGYY9gxHDta4iXSKDdQuhLonwJbIMkVJsU1rwXf0UDHMrF/1snw==}
    engines: {node: '>=20.19'}
    peerDependencies:
      react: '>=18.0.0 || >=19.0.0'
      react-dom: '>=18.0.0 || >=19.0.0'

  '@tanstack/react-store@0.9.3':
    resolution: {integrity: sha512-y2iHd/N9OkoQbFJLUX1T9vbc2O9tjH0pQRgTcx1/Nz4IlwLvkgpuglXUx+mXt0g5ZDFrEeDnONPqkbfxXJKwRg==}
    peerDependencies:
      react: ^16.8.0 || ^17.0.0 || ^18.0.0 || ^19.0.0
      react-dom: ^16.8.0 || ^17.0.0 || ^18.0.0 || ^19.0.0

  '@tanstack/router-core@1.171.27':
    resolution: {integrity: sha512-wDwSLvoLwIaNcnx9UNcN9Mb7Y8QwCYq1U1RQZwyN186gnkIoIYI2SOxy8VqH1vFigbkHkk4FmwMAQlghPgDK2g==}
    engines: {node: '>=20.19'}

  '@tanstack/store@0.9.3':
    resolution: {integrity: sha512-8reSzl/qGWGGVKhBoxXPMWzATSbZLZFWhwBAFO9NAyp0TxzfBP0mIrGb8CP8KrQTmvzXlR/vFPPUrHTLBGyFyw==}

  cookie-es@3.1.1:
    resolution: {integrity: sha512-UaXxwISYJPTr9hwQxMFYZ7kNhSXboMXP+Z3TRX6f1/NyaGPfuNUZOWP1pUEb75B2HjfklIYLVRfWiFZJyC6Npg==}

  isbot@5.2.2:
    resolution: {integrity: sha512-iQcBXcd+Rv/pkubRyGh2utW2j1oPG5hZY6TUhVPpqK4G+o3IbxpJNx04hgksjc/N7GK5pEorUxDeg31cFgEk/w==}
    engines: {node: '>=18'}

  react-dom@19.2.8:
    resolution: {integrity: sha512-rVprimfGBG3DR+Tq0IQG2DT5PxKth1WIGDmj5yPmlzr4YBe7uyE+Du4oVqTDXZSHGGGXRtTJEGSSePyQCMBglQ==}
    peerDependencies:
      react: ^19.2.8

  react@19.2.8:
    resolution: {integrity: sha512-PWaYA1L/q9u2u7xYQi+Y3L3Yfnie7XyLeaJICV1MGD6LprsBxcAqGjYyr0eY3p+QdsA+x/Irkt4Qif8D63+Sbw==}
    engines: {node: '>=0.10.0'}

  scheduler@0.27.0:
    resolution: {integrity: sha512-eNv+WrVbKu1f3vbYJT/xtiF5syA5HPIMtf9IgY/nKg0sWqzAUEvqY/xm7OcZc/qafLx/iO9FgOmeSAp4v5ti/Q==}

  seroval-plugins@1.6.4:
    resolution: {integrity: sha512-R0f1U9hmn38+dFMz6b6ab8lwucmw4AtiY7St+JPWudy1dm+Bs3g884nyrsH9Cy6rKpZKLYayXuMda9GZ/fl8JQ==}
    engines: {node: '>=10'}
    peerDependencies:
      seroval: ^1.0

  seroval@1.6.4:
    resolution: {integrity: sha512-LErWMNS2RRFdu2RMA5u/PA59/IWs0XsikyEXGQ2/36iEWFrdG0ABmg17E17cikrv76891kOAMq3TkTFXpwAHXw==}
    engines: {node: '>=10'}

  use-sync-external-store@1.6.0:
    resolution: {integrity: sha512-Pp6GSwGP/NrPIrxVFAIkOQeyw8lFenOHijQWkUTrDvrF4ALqylP2C/KCkeS9dpUM3KvYRQhna5vt7IL95+ZQ9w==}
    peerDependencies:
      react: ^16.8.0 || ^17.0.0 || ^18.0.0 || ^19.0.0

snapshots:

  '@tanstack/history@1.162.1': {}

  '@tanstack/react-router@1.170.32(react-dom@19.2.8(react@19.2.8))(react@19.2.8)':
    dependencies:
      '@tanstack/history': 1.162.1
      '@tanstack/react-store': 0.9.3(react-dom@19.2.8(react@19.2.8))(react@19.2.8)
      '@tanstack/router-core': 1.171.27
      isbot: 5.2.2
      react: 19.2.8
      react-dom: 19.2.8(react@19.2.8)

  '@tanstack/react-store@0.9.3(react-dom@19.2.8(react@19.2.8))(react@19.2.8)':
    dependencies:
      '@tanstack/store': 0.9.3
      react: 19.2.8
      react-dom: 19.2.8(react@19.2.8)
      use-sync-external-store: 1.6.0(react@19.2.8)

  '@tanstack/router-core@1.171.27':
    dependencies:
      '@tanstack/history': 1.162.1
      cookie-es: 3.1.1
      seroval: 1.6.4
      seroval-plugins: 1.6.4(seroval@1.6.4)

  '@tanstack/store@0.9.3': {}

  cookie-es@3.1.1: {}

  isbot@5.2.2: {}

  react-dom@19.2.8(react@19.2.8):
    dependencies:
      react: 19.2.8
      scheduler: 0.27.0

  react@19.2.8: {}

  scheduler@0.27.0: {}

  seroval-plugins@1.6.4(seroval@1.6.4):
    dependencies:
      seroval: 1.6.4

  seroval@1.6.4: {}

  use-sync-external-store@1.6.0(react@19.2.8):
    dependencies:
      react: 19.2.8
